PODS:
  - FXBlurView (1.6.4)
  - Masonry (0.6.3)
  - pop (1.0.8)

DEPENDENCIES:
  - FXBlurView
  - Masonry
  - pop (~> 1.0)

SPEC CHECKSUMS:
  FXBlurView: db786c2561cb49a09ae98407f52460096ab8a44f
  Masonry: ff105a956abcd19a618b2028b121cb638d7a8e2f
  pop: bb773ae2c791ca2629de13b347e7a8b450fa6a57

COCOAPODS: 0.39.0
